// !$*UTF8*$!
{
	archiveVersion = 1;
	classes = {
	};
	objectVersion = 50;
	objects = {

/* Begin PBXBuildFile section */
		2B4AECA224E1843E00F6E445 /* Observer.swift in Sources */ = {isa = PBXBuildFile; fileRef = 2B4AECA124E1843E00F6E445 /* Observer.swift */; };
		2B4AECA824E18CDF00F6E445 /* ListingsWorker.swift in Sources */ = {isa = PBXBuildFile; fileRef = 2B4AECA724E18CDF00F6E445 /* ListingsWorker.swift */; };
		2B4AEDF924E18F2E00F6E445 /* RESTClient.swift in Sources */ = {isa = PBXBuildFile; fileRef = 2B4AEDC224E18F2E00F6E445 /* RESTClient.swift */; };
		2B4AEDFA24E18F2E00F6E445 /* RESTBaseResponse.swift in Sources */ = {isa = PBXBuildFile; fileRef = 2B4AEDC424E18F2E00F6E445 /* RESTBaseResponse.swift */; };
		2B4AEDFB24E18F2E00F6E445 /* RESTRouterProtocol.swift in Sources */ = {isa = PBXBuildFile; fileRef = 2B4AEDC524E18F2E00F6E445 /* RESTRouterProtocol.swift */; };
		2B4AEDFC24E18F2E00F6E445 /* RESTResponseHandler.swift in Sources */ = {isa = PBXBuildFile; fileRef = 2B4AEDC624E18F2E00F6E445 /* RESTResponseHandler.swift */; };
		2B4AEDFD24E18F2E00F6E445 /* RESTDataRequest.swift in Sources */ = {isa = PBXBuildFile; fileRef = 2B4AEDC724E18F2E00F6E445 /* RESTDataRequest.swift */; };
		2B4AEDFE24E18F2E00F6E445 /* RESTDecodeStrategy.swift in Sources */ = {isa = PBXBuildFile; fileRef = 2B4AEDC824E18F2E00F6E445 /* RESTDecodeStrategy.swift */; };
		2B4AEDFF24E18F2E00F6E445 /* RESTClientProtocol.swift in Sources */ = {isa = PBXBuildFile; fileRef = 2B4AEDC924E18F2E00F6E445 /* RESTClientProtocol.swift */; };
		2B4AEE0024E18F2E00F6E445 /* RESTDataRequestProtocol.swift in Sources */ = {isa = PBXBuildFile; fileRef = 2B4AEDCA24E18F2E00F6E445 /* RESTDataRequestProtocol.swift */; };
		2B4AEE0124E18F2E00F6E445 /* RESTServerConfig.swift in Sources */ = {isa = PBXBuildFile; fileRef = 2B4AEDCB24E18F2E00F6E445 /* RESTServerConfig.swift */; };
		2B4AEE0324E18F2E00F6E445 /* RESTError.swift in Sources */ = {isa = PBXBuildFile; fileRef = 2B4AEDCD24E18F2E00F6E445 /* RESTError.swift */; };
		2B4AEE0424E18F2E00F6E445 /* RESTClientTimeOuts.swift in Sources */ = {isa = PBXBuildFile; fileRef = 2B4AEDCE24E18F2E00F6E445 /* RESTClientTimeOuts.swift */; };
		2B4AEE0624E27BCC00F6E445 /* Decodable+Init.swift in Sources */ = {isa = PBXBuildFile; fileRef = 2B4AEE0524E27BCC00F6E445 /* Decodable+Init.swift */; };
		2B4AEE0824E285D100F6E445 /* Constants.swift in Sources */ = {isa = PBXBuildFile; fileRef = 2B4AEE0724E285D100F6E445 /* Constants.swift */; };
		2B4AEE0A24E2866A00F6E445 /* RESTRouterProtocol+Config.swift in Sources */ = {isa = PBXBuildFile; fileRef = 2B4AEE0924E2866A00F6E445 /* RESTRouterProtocol+Config.swift */; };
		2B4AEE0D24E2890300F6E445 /* Post.swift in Sources */ = {isa = PBXBuildFile; fileRef = 2B4AEE0C24E2890300F6E445 /* Post.swift */; };
		2B4AEE0F24E28D5B00F6E445 /* Listing.swift in Sources */ = {isa = PBXBuildFile; fileRef = 2B4AEE0E24E28D5B00F6E445 /* Listing.swift */; };
		2B4AEE1224E28E8C00F6E445 /* ListingsStore.swift in Sources */ = {isa = PBXBuildFile; fileRef = 2B4AEE1124E28E8C00F6E445 /* ListingsStore.swift */; };
		2B4AEE1524E28EB300F6E445 /* RedditListingsRouter.swift in Sources */ = {isa = PBXBuildFile; fileRef = 2B4AEE1424E28EB300F6E445 /* RedditListingsRouter.swift */; };
		2B4AEE1724E28F1C00F6E445 /* RedditTopListingsViewModel.swift in Sources */ = {isa = PBXBuildFile; fileRef = 2B4AEE1624E28F1C00F6E445 /* RedditTopListingsViewModel.swift */; };
		2B7EBB5A24DD9A9B0048062A /* AppDelegate.swift in Sources */ = {isa = PBXBuildFile; fileRef = 2B7EBB5924DD9A9B0048062A /* AppDelegate.swift */; };
		2B7EBB6124DD9A9B0048062A /* Main.storyboard in Resources */ = {isa = PBXBuildFile; fileRef = 2B7EBB5F24DD9A9B0048062A /* Main.storyboard */; };
		2B7EBB6324DD9A9F0048062A /* Assets.xcassets in Resources */ = {isa = PBXBuildFile; fileRef = 2B7EBB6224DD9A9F0048062A /* Assets.xcassets */; };
		2B7EBB6624DD9A9F0048062A /* LaunchScreen.storyboard in Resources */ = {isa = PBXBuildFile; fileRef = 2B7EBB6424DD9A9F0048062A /* LaunchScreen.storyboard */; };
		2B7EBB7124DD9AA00048062A /* RedditAppTests.swift in Sources */ = {isa = PBXBuildFile; fileRef = 2B7EBB7024DD9AA00048062A /* RedditAppTests.swift */; };
		2B7EBB8024DDA4FC0048062A /* TopListingsViewController.swift in Sources */ = {isa = PBXBuildFile; fileRef = 2B7EBB7F24DDA4FC0048062A /* TopListingsViewController.swift */; };
		2B7EBB8224DDA5210048062A /* TopListingsViewModel.swift in Sources */ = {isa = PBXBuildFile; fileRef = 2B7EBB8124DDA5210048062A /* TopListingsViewModel.swift */; };
		2B7EBB8524DDA8030048062A /* AdvertTableViewCell.swift in Sources */ = {isa = PBXBuildFile; fileRef = 2B7EBB8324DDA8030048062A /* AdvertTableViewCell.swift */; };
		2B7EBB8624DDA8030048062A /* AdvertTableViewCell.xib in Resources */ = {isa = PBXBuildFile; fileRef = 2B7EBB8424DDA8030048062A /* AdvertTableViewCell.xib */; };
		2B7EBB8924DDA82B0048062A /* AdvertViewModel.swift in Sources */ = {isa = PBXBuildFile; fileRef = 2B7EBB8824DDA82B0048062A /* AdvertViewModel.swift */; };
		2B7EBB8B24DDB0350048062A /* UIView+Shadow.swift in Sources */ = {isa = PBXBuildFile; fileRef = 2B7EBB8A24DDB0340048062A /* UIView+Shadow.swift */; };
		2B7EBB8D24DDB0C40048062A /* TableViewUtil.swift in Sources */ = {isa = PBXBuildFile; fileRef = 2B7EBB8C24DDB0C40048062A /* TableViewUtil.swift */; };
/* End PBXBuildFile section */

/* Begin PBXContainerItemProxy section */
		2B7EBB6D24DD9AA00048062A /* PBXContainerItemProxy */ = {
			isa = PBXContainerItemProxy;
			containerPortal = 2B7EBB4E24DD9A9B0048062A /* Project object */;
			proxyType = 1;
			remoteGlobalIDString = 2B7EBB5524DD9A9B0048062A;
			remoteInfo = RedditApp;
		};
/* End PBXContainerItemProxy section */

/* Begin PBXFileReference section */
		2B4AECA124E1843E00F6E445 /* Observer.swift */ = {isa = PBXFileReference; fileEncoding = 4; lastKnownFileType = sourcecode.swift; path = Observer.swift; sourceTree = "<group>"; };
		2B4AECA724E18CDF00F6E445 /* ListingsWorker.swift */ = {isa = PBXFileReference; lastKnownFileType = sourcecode.swift; path = ListingsWorker.swift; sourceTree = "<group>"; };
		2B4AEDC224E18F2E00F6E445 /* RESTClient.swift */ = {isa = PBXFileReference; fileEncoding = 4; lastKnownFileType = sourcecode.swift; path = RESTClient.swift; sourceTree = "<group>"; };
		2B4AEDC424E18F2E00F6E445 /* RESTBaseResponse.swift */ = {isa = PBXFileReference; fileEncoding = 4; lastKnownFileType = sourcecode.swift; path = RESTBaseResponse.swift; sourceTree = "<group>"; };
		2B4AEDC524E18F2E00F6E445 /* RESTRouterProtocol.swift */ = {isa = PBXFileReference; fileEncoding = 4; lastKnownFileType = sourcecode.swift; path = RESTRouterProtocol.swift; sourceTree = "<group>"; };
		2B4AEDC624E18F2E00F6E445 /* RESTResponseHandler.swift */ = {isa = PBXFileReference; fileEncoding = 4; lastKnownFileType = sourcecode.swift; path = RESTResponseHandler.swift; sourceTree = "<group>"; };
		2B4AEDC724E18F2E00F6E445 /* RESTDataRequest.swift */ = {isa = PBXFileReference; fileEncoding = 4; lastKnownFileType = sourcecode.swift; path = RESTDataRequest.swift; sourceTree = "<group>"; };
		2B4AEDC824E18F2E00F6E445 /* RESTDecodeStrategy.swift */ = {isa = PBXFileReference; fileEncoding = 4; lastKnownFileType = sourcecode.swift; path = RESTDecodeStrategy.swift; sourceTree = "<group>"; };
		2B4AEDC924E18F2E00F6E445 /* RESTClientProtocol.swift */ = {isa = PBXFileReference; fileEncoding = 4; lastKnownFileType = sourcecode.swift; path = RESTClientProtocol.swift; sourceTree = "<group>"; };
		2B4AEDCA24E18F2E00F6E445 /* RESTDataRequestProtocol.swift */ = {isa = PBXFileReference; fileEncoding = 4; lastKnownFileType = sourcecode.swift; path = RESTDataRequestProtocol.swift; sourceTree = "<group>"; };
		2B4AEDCB24E18F2E00F6E445 /* RESTServerConfig.swift */ = {isa = PBXFileReference; fileEncoding = 4; lastKnownFileType = sourcecode.swift; path = RESTServerConfig.swift; sourceTree = "<group>"; };
		2B4AEDCD24E18F2E00F6E445 /* RESTError.swift */ = {isa = PBXFileReference; fileEncoding = 4; lastKnownFileType = sourcecode.swift; path = RESTError.swift; sourceTree = "<group>"; };
		2B4AEDCE24E18F2E00F6E445 /* RESTClientTimeOuts.swift */ = {isa = PBXFileReference; fileEncoding = 4; lastKnownFileType = sourcecode.swift; path = RESTClientTimeOuts.swift; sourceTree = "<group>"; };
		2B4AEE0524E27BCC00F6E445 /* Decodable+Init.swift */ = {isa = PBXFileReference; fileEncoding = 4; lastKnownFileType = sourcecode.swift; path = "Decodable+Init.swift"; sourceTree = "<group>"; };
		2B4AEE0724E285D100F6E445 /* Constants.swift */ = {isa = PBXFileReference; lastKnownFileType = sourcecode.swift; path = Constants.swift; sourceTree = "<group>"; };
		2B4AEE0924E2866A00F6E445 /* RESTRouterProtocol+Config.swift */ = {isa = PBXFileReference; fileEncoding = 4; lastKnownFileType = sourcecode.swift; path = "RESTRouterProtocol+Config.swift"; sourceTree = "<group>"; };
		2B4AEE0C24E2890300F6E445 /* Post.swift */ = {isa = PBXFileReference; lastKnownFileType = sourcecode.swift; path = Post.swift; sourceTree = "<group>"; };
		2B4AEE0E24E28D5B00F6E445 /* Listing.swift */ = {isa = PBXFileReference; lastKnownFileType = sourcecode.swift; path = Listing.swift; sourceTree = "<group>"; };
		2B4AEE1124E28E8C00F6E445 /* ListingsStore.swift */ = {isa = PBXFileReference; lastKnownFileType = sourcecode.swift; path = ListingsStore.swift; sourceTree = "<group>"; };
		2B4AEE1424E28EB300F6E445 /* RedditListingsRouter.swift */ = {isa = PBXFileReference; lastKnownFileType = sourcecode.swift; path = RedditListingsRouter.swift; sourceTree = "<group>"; };
		2B4AEE1624E28F1C00F6E445 /* RedditTopListingsViewModel.swift */ = {isa = PBXFileReference; lastKnownFileType = sourcecode.swift; path = RedditTopListingsViewModel.swift; sourceTree = "<group>"; };
		2B7EBB5624DD9A9B0048062A /* RedditApp.app */ = {isa = PBXFileReference; explicitFileType = wrapper.application; includeInIndex = 0; path = RedditApp.app; sourceTree = BUILT_PRODUCTS_DIR; };
		2B7EBB5924DD9A9B0048062A /* AppDelegate.swift */ = {isa = PBXFileReference; lastKnownFileType = sourcecode.swift; path = AppDelegate.swift; sourceTree = "<group>"; };
		2B7EBB6024DD9A9B0048062A /* Base */ = {isa = PBXFileReference; lastKnownFileType = file.storyboard; name = Base; path = Base.lproj/Main.storyboard; sourceTree = "<group>"; };
		2B7EBB6224DD9A9F0048062A /* Assets.xcassets */ = {isa = PBXFileReference; lastKnownFileType = folder.assetcatalog; path = Assets.xcassets; sourceTree = "<group>"; };
		2B7EBB6524DD9A9F0048062A /* Base */ = {isa = PBXFileReference; lastKnownFileType = file.storyboard; name = Base; path = Base.lproj/LaunchScreen.storyboard; sourceTree = "<group>"; };
		2B7EBB6724DD9A9F0048062A /* Info.plist */ = {isa = PBXFileReference; lastKnownFileType = text.plist.xml; path = Info.plist; sourceTree = "<group>"; };
		2B7EBB6C24DD9AA00048062A /* RedditAppTests.xctest */ = {isa = PBXFileReference; explicitFileType = wrapper.cfbundle; includeInIndex = 0; path = RedditAppTests.xctest; sourceTree = BUILT_PRODUCTS_DIR; };
		2B7EBB7024DD9AA00048062A /* RedditAppTests.swift */ = {isa = PBXFileReference; lastKnownFileType = sourcecode.swift; path = RedditAppTests.swift; sourceTree = "<group>"; };
		2B7EBB7224DD9AA00048062A /* Info.plist */ = {isa = PBXFileReference; lastKnownFileType = text.plist.xml; path = Info.plist; sourceTree = "<group>"; };
		2B7EBB7F24DDA4FC0048062A /* TopListingsViewController.swift */ = {isa = PBXFileReference; lastKnownFileType = sourcecode.swift; path = TopListingsViewController.swift; sourceTree = "<group>"; };
		2B7EBB8124DDA5210048062A /* TopListingsViewModel.swift */ = {isa = PBXFileReference; lastKnownFileType = sourcecode.swift; path = TopListingsViewModel.swift; sourceTree = "<group>"; };
		2B7EBB8324DDA8030048062A /* AdvertTableViewCell.swift */ = {isa = PBXFileReference; lastKnownFileType = sourcecode.swift; path = AdvertTableViewCell.swift; sourceTree = "<group>"; };
		2B7EBB8424DDA8030048062A /* AdvertTableViewCell.xib */ = {isa = PBXFileReference; lastKnownFileType = file.xib; path = AdvertTableViewCell.xib; sourceTree = "<group>"; };
		2B7EBB8824DDA82B0048062A /* AdvertViewModel.swift */ = {isa = PBXFileReference; lastKnownFileType = sourcecode.swift; path = AdvertViewModel.swift; sourceTree = "<group>"; };
		2B7EBB8A24DDB0340048062A /* UIView+Shadow.swift */ = {isa = PBXFileReference; fileEncoding = 4; lastKnownFileType = sourcecode.swift; path = "UIView+Shadow.swift"; sourceTree = "<group>"; };
		2B7EBB8C24DDB0C40048062A /* TableViewUtil.swift */ = {isa = PBXFileReference; fileEncoding = 4; lastKnownFileType = sourcecode.swift; path = TableViewUtil.swift; sourceTree = "<group>"; };
/* End PBXFileReference section */

/* Begin PBXFrameworksBuildPhase section */
		2B7EBB5324DD9A9B0048062A /* Frameworks */ = {
			isa = PBXFrameworksBuildPhase;
			buildActionMask = 2147483647;
			files = (
			);
			runOnlyForDeploymentPostprocessing = 0;
		};
		2B7EBB6924DD9AA00048062A /* Frameworks */ = {
			isa = PBXFrameworksBuildPhase;
			buildActionMask = 2147483647;
			files = (
			);
			runOnlyForDeploymentPostprocessing = 0;
		};
/* End PBXFrameworksBuildPhase section */

/* Begin PBXGroup section */
		2B4AECA324E1844400F6E445 /* Extensions */ = {
			isa = PBXGroup;
			children = (
				2B4AEE0924E2866A00F6E445 /* RESTRouterProtocol+Config.swift */,
				2B4AEE0524E27BCC00F6E445 /* Decodable+Init.swift */,
				2B7EBB8C24DDB0C40048062A /* TableViewUtil.swift */,
				2B7EBB8A24DDB0340048062A /* UIView+Shadow.swift */,
			);
			path = Extensions;
			sourceTree = "<group>";
		};
		2B4AECA524E1848B00F6E445 /* Utils */ = {
			isa = PBXGroup;
			children = (
				2B4AEE0724E285D100F6E445 /* Constants.swift */,
				2B4AECA124E1843E00F6E445 /* Observer.swift */,
			);
			path = Utils;
			sourceTree = "<group>";
		};
		2B4AECA624E18C7400F6E445 /* Workers */ = {
			isa = PBXGroup;
			children = (
				2B4AECA724E18CDF00F6E445 /* ListingsWorker.swift */,
			);
			path = Workers;
			sourceTree = "<group>";
		};
		2B4AED9024E18F2D00F6E445 /* RESTClient */ = {
			isa = PBXGroup;
			children = (
				2B4AEDC224E18F2E00F6E445 /* RESTClient.swift */,
				2B4AEDC324E18F2E00F6E445 /* Domain */,
			);
			path = RESTClient;
			sourceTree = "<group>";
		};
		2B4AEDC324E18F2E00F6E445 /* Domain */ = {
			isa = PBXGroup;
			children = (
				2B4AEDC424E18F2E00F6E445 /* RESTBaseResponse.swift */,
				2B4AEDC524E18F2E00F6E445 /* RESTRouterProtocol.swift */,
				2B4AEDC624E18F2E00F6E445 /* RESTResponseHandler.swift */,
				2B4AEDC724E18F2E00F6E445 /* RESTDataRequest.swift */,
				2B4AEDC824E18F2E00F6E445 /* RESTDecodeStrategy.swift */,
				2B4AEDC924E18F2E00F6E445 /* RESTClientProtocol.swift */,
				2B4AEDCA24E18F2E00F6E445 /* RESTDataRequestProtocol.swift */,
				2B4AEDCB24E18F2E00F6E445 /* RESTServerConfig.swift */,
				2B4AEDCD24E18F2E00F6E445 /* RESTError.swift */,
				2B4AEDCE24E18F2E00F6E445 /* RESTClientTimeOuts.swift */,
			);
			path = Domain;
			sourceTree = "<group>";
		};
		2B4AEE0B24E2889A00F6E445 /* Entities */ = {
			isa = PBXGroup;
			children = (
				2B4AEE0C24E2890300F6E445 /* Post.swift */,
				2B4AEE0E24E28D5B00F6E445 /* Listing.swift */,
			);
			path = Entities;
			sourceTree = "<group>";
		};
		2B4AEE1024E28E5A00F6E445 /* Stores */ = {
			isa = PBXGroup;
			children = (
				2B4AEE1124E28E8C00F6E445 /* ListingsStore.swift */,
			);
			path = Stores;
			sourceTree = "<group>";
		};
		2B4AEE1324E28EA300F6E445 /* RESTRouters */ = {
			isa = PBXGroup;
			children = (
				2B4AEE1424E28EB300F6E445 /* RedditListingsRouter.swift */,
			);
			path = RESTRouters;
			sourceTree = "<group>";
		};
		2B4AEE1824E2A24400F6E445 /* Services */ = {
			isa = PBXGroup;
			children = (
				2B4AECA524E1848B00F6E445 /* Utils */,
				2B4AED9024E18F2D00F6E445 /* RESTClient */,
			);
			path = Services;
			sourceTree = "<group>";
		};
		2B7EBB4D24DD9A9B0048062A = {
			isa = PBXGroup;
			children = (
				2B7EBB5824DD9A9B0048062A /* RedditApp */,
				2B7EBB6F24DD9AA00048062A /* RedditAppTests */,
				2B7EBB5724DD9A9B0048062A /* Products */,
			);
			sourceTree = "<group>";
		};
		2B7EBB5724DD9A9B0048062A /* Products */ = {
			isa = PBXGroup;
			children = (
				2B7EBB5624DD9A9B0048062A /* RedditApp.app */,
				2B7EBB6C24DD9AA00048062A /* RedditAppTests.xctest */,
			);
			name = Products;
			sourceTree = "<group>";
		};
		2B7EBB5824DD9A9B0048062A /* RedditApp */ = {
			isa = PBXGroup;
			children = (
				2B7EBB5924DD9A9B0048062A /* AppDelegate.swift */,
				2B4AEE1824E2A24400F6E445 /* Services */,
				2B4AEE1324E28EA300F6E445 /* RESTRouters */,
				2B4AECA324E1844400F6E445 /* Extensions */,
				2B4AEE1024E28E5A00F6E445 /* Stores */,
				2B4AECA624E18C7400F6E445 /* Workers */,
				2B4AEE0B24E2889A00F6E445 /* Entities */,
				2B7EBB7D24DDA4B90048062A /* Modules */,
				2B7EBB6724DD9A9F0048062A /* Info.plist */,
				2B7EBB7B24DD9B820048062A /* Storyboards */,
				2B7EBB7C24DD9B9D0048062A /* Resources */,
			);
			path = RedditApp;
			sourceTree = "<group>";
		};
		2B7EBB6F24DD9AA00048062A /* RedditAppTests */ = {
			isa = PBXGroup;
			children = (
				2B7EBB7024DD9AA00048062A /* RedditAppTests.swift */,
				2B7EBB7224DD9AA00048062A /* Info.plist */,
			);
			path = RedditAppTests;
			sourceTree = "<group>";
		};
		2B7EBB7B24DD9B820048062A /* Storyboards */ = {
			isa = PBXGroup;
			children = (
				2B7EBB5F24DD9A9B0048062A /* Main.storyboard */,
				2B7EBB6424DD9A9F0048062A /* LaunchScreen.storyboard */,
			);
			path = Storyboards;
			sourceTree = "<group>";
		};
		2B7EBB7C24DD9B9D0048062A /* Resources */ = {
			isa = PBXGroup;
			children = (
				2B7EBB6224DD9A9F0048062A /* Assets.xcassets */,
			);
			path = Resources;
			sourceTree = "<group>";
		};
		2B7EBB7D24DDA4B90048062A /* Modules */ = {
			isa = PBXGroup;
			children = (
				2B7EBB7E24DDA4C10048062A /* TopListings */,
			);
			path = Modules;
			sourceTree = "<group>";
		};
		2B7EBB7E24DDA4C10048062A /* TopListings */ = {
			isa = PBXGroup;
			children = (
				2B7EBB8724DDA8070048062A /* Cells */,
				2B7EBB7F24DDA4FC0048062A /* TopListingsViewController.swift */,
				2B7EBB8124DDA5210048062A /* TopListingsViewModel.swift */,
				2B4AEE1624E28F1C00F6E445 /* RedditTopListingsViewModel.swift */,
			);
			path = TopListings;
			sourceTree = "<group>";
		};
		2B7EBB8724DDA8070048062A /* Cells */ = {
			isa = PBXGroup;
			children = (
				2B7EBB8324DDA8030048062A /* AdvertTableViewCell.swift */,
				2B7EBB8424DDA8030048062A /* AdvertTableViewCell.xib */,
				2B7EBB8824DDA82B0048062A /* AdvertViewModel.swift */,
			);
			path = Cells;
			sourceTree = "<group>";
		};
/* End PBXGroup section */

/* Begin PBXNativeTarget section */
		2B7EBB5524DD9A9B0048062A /* RedditApp */ = {
			isa = PBXNativeTarget;
			buildConfigurationList = 2B7EBB7524DD9AA00048062A /* Build configuration list for PBXNativeTarget "RedditApp" */;
			buildPhases = (
				2B7EBB5224DD9A9B0048062A /* Sources */,
				2B7EBB5324DD9A9B0048062A /* Frameworks */,
				2B7EBB5424DD9A9B0048062A /* Resources */,
			);
			buildRules = (
			);
			dependencies = (
			);
			name = RedditApp;
			productName = RedditApp;
			productReference = 2B7EBB5624DD9A9B0048062A /* RedditApp.app */;
			productType = "com.apple.product-type.application";
		};
		2B7EBB6B24DD9AA00048062A /* RedditAppTests */ = {
			isa = PBXNativeTarget;
			buildConfigurationList = 2B7EBB7824DD9AA00048062A /* Build configuration list for PBXNativeTarget "RedditAppTests" */;
			buildPhases = (
				2B7EBB6824DD9AA00048062A /* Sources */,
				2B7EBB6924DD9AA00048062A /* Frameworks */,
				2B7EBB6A24DD9AA00048062A /* Resources */,
			);
			buildRules = (
			);
			dependencies = (
				2B7EBB6E24DD9AA00048062A /* PBXTargetDependency */,
			);
			name = RedditAppTests;
			productName = RedditAppTests;
			productReference = 2B7EBB6C24DD9AA00048062A /* RedditAppTests.xctest */;
			productType = "com.apple.product-type.bundle.unit-test";
		};
/* End PBXNativeTarget section */

/* Begin PBXProject section */
		2B7EBB4E24DD9A9B0048062A /* Project object */ = {
			isa = PBXProject;
			attributes = {
				LastSwiftUpdateCheck = 1150;
				LastUpgradeCheck = 1150;
				ORGANIZATIONNAME = apm;
				TargetAttributes = {
					2B7EBB5524DD9A9B0048062A = {
						CreatedOnToolsVersion = 11.5;
					};
					2B7EBB6B24DD9AA00048062A = {
						CreatedOnToolsVersion = 11.5;
						TestTargetID = 2B7EBB5524DD9A9B0048062A;
					};
				};
			};
			buildConfigurationList = 2B7EBB5124DD9A9B0048062A /* Build configuration list for PBXProject "RedditApp" */;
			compatibilityVersion = "Xcode 9.3";
			developmentRegion = en;
			hasScannedForEncodings = 0;
			knownRegions = (
				en,
				Base,
			);
			mainGroup = 2B7EBB4D24DD9A9B0048062A;
			productRefGroup = 2B7EBB5724DD9A9B0048062A /* Products */;
			projectDirPath = "";
			projectRoot = "";
			targets = (
				2B7EBB5524DD9A9B0048062A /* RedditApp */,
				2B7EBB6B24DD9AA00048062A /* RedditAppTests */,
			);
		};
/* End PBXProject section */

/* Begin PBXResourcesBuildPhase section */
		2B7EBB5424DD9A9B0048062A /* Resources */ = {
			isa = PBXResourcesBuildPhase;
			buildActionMask = 2147483647;
			files = (
				2B7EBB6624DD9A9F0048062A /* LaunchScreen.storyboard in Resources */,
				2B7EBB8624DDA8030048062A /* AdvertTableViewCell.xib in Resources */,
				2B7EBB6324DD9A9F0048062A /* Assets.xcassets in Resources */,
				2B7EBB6124DD9A9B0048062A /* Main.storyboard in Resources */,
			);
			runOnlyForDeploymentPostprocessing = 0;
		};
		2B7EBB6A24DD9AA00048062A /* Resources */ = {
			isa = PBXResourcesBuildPhase;
			buildActionMask = 2147483647;
			files = (
			);
			runOnlyForDeploymentPostprocessing = 0;
		};
/* End PBXResourcesBuildPhase section */

/* Begin PBXSourcesBuildPhase section */
		2B7EBB5224DD9A9B0048062A /* Sources */ = {
			isa = PBXSourcesBuildPhase;
			buildActionMask = 2147483647;
			files = (
				2B4AEE0024E18F2E00F6E445 /* RESTDataRequestProtocol.swift in Sources */,
				2B7EBB8B24DDB0350048062A /* UIView+Shadow.swift in Sources */,
				2B4AEE1724E28F1C00F6E445 /* RedditTopListingsViewModel.swift in Sources */,
				2B4AEDFF24E18F2E00F6E445 /* RESTClientProtocol.swift in Sources */,
				2B4AEE0424E18F2E00F6E445 /* RESTClientTimeOuts.swift in Sources */,
				2B4AEE0A24E2866A00F6E445 /* RESTRouterProtocol+Config.swift in Sources */,
				2B4AEDFE24E18F2E00F6E445 /* RESTDecodeStrategy.swift in Sources */,
				2B4AEDF924E18F2E00F6E445 /* RESTClient.swift in Sources */,
				2B4AEE0824E285D100F6E445 /* Constants.swift in Sources */,
				2B4AECA224E1843E00F6E445 /* Observer.swift in Sources */,
				2B4AEE0D24E2890300F6E445 /* Post.swift in Sources */,
				2B4AEDFB24E18F2E00F6E445 /* RESTRouterProtocol.swift in Sources */,
				2B4AEE0124E18F2E00F6E445 /* RESTServerConfig.swift in Sources */,
				2B4AEDFD24E18F2E00F6E445 /* RESTDataRequest.swift in Sources */,
				2B7EBB8924DDA82B0048062A /* AdvertViewModel.swift in Sources */,
				2B4AEE0624E27BCC00F6E445 /* Decodable+Init.swift in Sources */,
				2B7EBB8524DDA8030048062A /* AdvertTableViewCell.swift in Sources */,
				2B4AEDFA24E18F2E00F6E445 /* RESTBaseResponse.swift in Sources */,
				2B4AECA824E18CDF00F6E445 /* ListingsWorker.swift in Sources */,
				2B4AEE1524E28EB300F6E445 /* RedditListingsRouter.swift in Sources */,
				2B7EBB8224DDA5210048062A /* TopListingsViewModel.swift in Sources */,
				2B4AEE0F24E28D5B00F6E445 /* Listing.swift in Sources */,
				2B4AEE0324E18F2E00F6E445 /* RESTError.swift in Sources */,
				2B7EBB5A24DD9A9B0048062A /* AppDelegate.swift in Sources */,
				2B4AEE1224E28E8C00F6E445 /* ListingsStore.swift in Sources */,
				2B7EBB8024DDA4FC0048062A /* TopListingsViewController.swift in Sources */,
				2B4AEDFC24E18F2E00F6E445 /* RESTResponseHandler.swift in Sources */,
				2B7EBB8D24DDB0C40048062A /* TableViewUtil.swift in Sources */,
			);
			runOnlyForDeploymentPostprocessing = 0;
		};
		2B7EBB6824DD9AA00048062A /* Sources */ = {
			isa = PBXSourcesBuildPhase;
			buildActionMask = 2147483647;
			files = (
				2B7EBB7124DD9AA00048062A /* RedditAppTests.swift in Sources */,
			);
			runOnlyForDeploymentPostprocessing = 0;
		};
/* End PBXSourcesBuildPhase section */

/* Begin PBXTargetDependency section */
		2B7EBB6E24DD9AA00048062A /* PBXTargetDependency */ = {
			isa = PBXTargetDependency;
			target = 2B7EBB5524DD9A9B0048062A /* RedditApp */;
			targetProxy = 2B7EBB6D24DD9AA00048062A /* PBXContainerItemProxy */;
		};
/* End PBXTargetDependency section */

/* Begin PBXVariantGroup section */
		2B7EBB5F24DD9A9B0048062A /* Main.storyboard */ = {
			isa = PBXVariantGroup;
			children = (
				2B7EBB6024DD9A9B0048062A /* Base */,
			);
			name = Main.storyboard;
			sourceTree = "<group>";
		};
		2B7EBB6424DD9A9F0048062A /* LaunchScreen.storyboard */ = {
			isa = PBXVariantGroup;
			children = (
				2B7EBB6524DD9A9F0048062A /* Base */,
			);
			name = LaunchScreen.storyboard;
			sourceTree = "<group>";
		};
/* End PBXVariantGroup section */

/* Begin XCBuildConfiguration section */
		2B7EBB7324DD9AA00048062A /* Debug */ = {
			isa = XCBuildConfiguration;
			buildSettings = {
				ALWAYS_SEARCH_USER_PATHS = NO;
				CLANG_ANALYZER_NONNULL = YES;
				CLANG_ANALYZER_NUMBER_OBJECT_CONVERSION = YES_AGGRESSIVE;
				CLANG_CXX_LANGUAGE_STANDARD = "gnu++14";
				CLANG_CXX_LIBRARY = "libc++";
				CLANG_ENABLE_MODULES = YES;
				CLANG_ENABLE_OBJC_ARC = YES;
				CLANG_ENABLE_OBJC_WEAK = YES;
				CLANG_WARN_BLOCK_CAPTURE_AUTORELEASING = YES;
				CLANG_WARN_BOOL_CONVERSION = YES;
				CLANG_WARN_COMMA = YES;
				CLANG_WARN_CONSTANT_CONVERSION = YES;
				CLANG_WARN_DEPRECATED_OBJC_IMPLEMENTATIONS = YES;
				CLANG_WARN_DIRECT_OBJC_ISA_USAGE = YES_ERROR;
				CLANG_WARN_DOCUMENTATION_COMMENTS = YES;
				CLANG_WARN_EMPTY_BODY = YES;
				CLANG_WARN_ENUM_CONVERSION = YES;
				CLANG_WARN_INFINITE_RECURSION = YES;
				CLANG_WARN_INT_CONVERSION = YES;
				CLANG_WARN_NON_LITERAL_NULL_CONVERSION = YES;
				CLANG_WARN_OBJC_IMPLICIT_RETAIN_SELF = YES;
				CLANG_WARN_OBJC_LITERAL_CONVERSION = YES;
				CLANG_WARN_OBJC_ROOT_CLASS = YES_ERROR;
				CLANG_WARN_RANGE_LOOP_ANALYSIS = YES;
				CLANG_WARN_STRICT_PROTOTYPES = YES;
				CLANG_WARN_SUSPICIOUS_MOVE = YES;
				CLANG_WARN_UNGUARDED_AVAILABILITY = YES_AGGRESSIVE;
				CLANG_WARN_UNREACHABLE_CODE = YES;
				CLANG_WARN__DUPLICATE_METHOD_MATCH = YES;
				COPY_PHASE_STRIP = NO;
				DEBUG_INFORMATION_FORMAT = dwarf;
				ENABLE_STRICT_OBJC_MSGSEND = YES;
				ENABLE_TESTABILITY = YES;
				GCC_C_LANGUAGE_STANDARD = gnu11;
				GCC_DYNAMIC_NO_PIC = NO;
				GCC_NO_COMMON_BLOCKS = YES;
				GCC_OPTIMIZATION_LEVEL = 0;
				GCC_PREPROCESSOR_DEFINITIONS = (
					"DEBUG=1",
					"$(inherited)",
				);
				GCC_WARN_64_TO_32_BIT_CONVERSION = YES;
				GCC_WARN_ABOUT_RETURN_TYPE = YES_ERROR;
				GCC_WARN_UNDECLARED_SELECTOR = YES;
				GCC_WARN_UNINITIALIZED_AUTOS = YES_AGGRESSIVE;
				GCC_WARN_UNUSED_FUNCTION = YES;
				GCC_WARN_UNUSED_VARIABLE = YES;
				IPHONEOS_DEPLOYMENT_TARGET = 13.5;
				MTL_ENABLE_DEBUG_INFO = INCLUDE_SOURCE;
				MTL_FAST_MATH = YES;
				ONLY_ACTIVE_ARCH = YES;
				SDKROOT = iphoneos;
				SWIFT_ACTIVE_COMPILATION_CONDITIONS = DEBUG;
				SWIFT_OPTIMIZATION_LEVEL = "-Onone";
			};
			name = Debug;
		};
		2B7EBB7424DD9AA00048062A /* Release */ = {
			isa = XCBuildConfiguration;
			buildSettings = {
				ALWAYS_SEARCH_USER_PATHS = NO;
				CLANG_ANALYZER_NONNULL = YES;
				CLANG_ANALYZER_NUMBER_OBJECT_CONVERSION = YES_AGGRESSIVE;
				CLANG_CXX_LANGUAGE_STANDARD = "gnu++14";
				CLANG_CXX_LIBRARY = "libc++";
				CLANG_ENABLE_MODULES = YES;
				CLANG_ENABLE_OBJC_ARC = YES;
				CLANG_ENABLE_OBJC_WEAK = YES;
				CLANG_WARN_BLOCK_CAPTURE_AUTORELEASING = YES;
				CLANG_WARN_BOOL_CONVERSION = YES;
				CLANG_WARN_COMMA = YES;
				CLANG_WARN_CONSTANT_CONVERSION = YES;
				CLANG_WARN_DEPRECATED_OBJC_IMPLEMENTATIONS = YES;
				CLANG_WARN_DIRECT_OBJC_ISA_USAGE = YES_ERROR;
				CLANG_WARN_DOCUMENTATION_COMMENTS = YES;
				CLANG_WARN_EMPTY_BODY = YES;
				CLANG_WARN_ENUM_CONVERSION = YES;
				CLANG_WARN_INFINITE_RECURSION = YES;
				CLANG_WARN_INT_CONVERSION = YES;
				CLANG_WARN_NON_LITERAL_NULL_CONVERSION = YES;
				CLANG_WARN_OBJC_IMPLICIT_RETAIN_SELF = YES;
				CLANG_WARN_OBJC_LITERAL_CONVERSION = YES;
				CLANG_WARN_OBJC_ROOT_CLASS = YES_ERROR;
				CLANG_WARN_RANGE_LOOP_ANALYSIS = YES;
				CLANG_WARN_STRICT_PROTOTYPES = YES;
				CLANG_WARN_SUSPICIOUS_MOVE = YES;
				CLANG_WARN_UNGUARDED_AVAILABILITY = YES_AGGRESSIVE;
				CLANG_WARN_UNREACHABLE_CODE = YES;
				CLANG_WARN__DUPLICATE_METHOD_MATCH = YES;
				COPY_PHASE_STRIP = NO;
				DEBUG_INFORMATION_FORMAT = "dwarf-with-dsym";
				ENABLE_NS_ASSERTIONS = NO;
				ENABLE_STRICT_OBJC_MSGSEND = YES;
				GCC_C_LANGUAGE_STANDARD = gnu11;
				GCC_NO_COMMON_BLOCKS = YES;
				GCC_WARN_64_TO_32_BIT_CONVERSION = YES;
				GCC_WARN_ABOUT_RETURN_TYPE = YES_ERROR;
				GCC_WARN_UNDECLARED_SELECTOR = YES;
				GCC_WARN_UNINITIALIZED_AUTOS = YES_AGGRESSIVE;
				GCC_WARN_UNUSED_FUNCTION = YES;
				GCC_WARN_UNUSED_VARIABLE = YES;
				IPHONEOS_DEPLOYMENT_TARGET = 13.5;
				MTL_ENABLE_DEBUG_INFO = NO;
				MTL_FAST_MATH = YES;
				SDKROOT = iphoneos;
				SWIFT_COMPILATION_MODE = wholemodule;
				SWIFT_OPTIMIZATION_LEVEL = "-O";
				VALIDATE_PRODUCT = YES;
			};
			name = Release;
		};
		2B7EBB7624DD9AA00048062A /* Debug */ = {
			isa = XCBuildConfiguration;
			buildSettings = {
				ASSETCATALOG_COMPILER_APPICON_NAME = AppIcon;
				CODE_SIGN_STYLE = Automatic;
				DEVELOPMENT_TEAM = 2GS3DZHCM6;
				INFOPLIST_FILE = RedditApp/Info.plist;
				LD_RUNPATH_SEARCH_PATHS = (
					"$(inherited)",
					"@executable_path/Frameworks",
				);
				PRODUCT_BUNDLE_IDENTIFIER = com.apm.redditApp;
				PRODUCT_NAME = "$(TARGET_NAME)";
				SWIFT_VERSION = 5.0;
				TARGETED_DEVICE_FAMILY = "1,2";
			};
			name = Debug;
		};
		2B7EBB7724DD9AA00048062A /* Release */ = {
			isa = XCBuildConfiguration;
			buildSettings = {
				ASSETCATALOG_COMPILER_APPICON_NAME = AppIcon;
				CODE_SIGN_STYLE = Automatic;
				DEVELOPMENT_TEAM = 2GS3DZHCM6;
				INFOPLIST_FILE = RedditApp/Info.plist;
				LD_RUNPATH_SEARCH_PATHS = (
					"$(inherited)",
					"@executable_path/Frameworks",
				);
				PRODUCT_BUNDLE_IDENTIFIER = com.apm.redditApp;
				PRODUCT_NAME = "$(TARGET_NAME)";
				SWIFT_VERSION = 5.0;
				TARGETED_DEVICE_FAMILY = "1,2";
			};
			name = Release;
		};
		2B7EBB7924DD9AA00048062A /* Debug */ = {
			isa = XCBuildConfiguration;
			buildSettings = {
				ALWAYS_EMBED_SWIFT_STANDARD_LIBRARIES = YES;
				BUNDLE_LOADER = "$(TEST_HOST)";
				CODE_SIGN_STYLE = Automatic;
				INFOPLIST_FILE = RedditAppTests/Info.plist;
				IPHONEOS_DEPLOYMENT_TARGET = 13.5;
				LD_RUNPATH_SEARCH_PATHS = (
					"$(inherited)",
					"@executable_path/Frameworks",
					"@loader_path/Frameworks",
				);
				PRODUCT_BUNDLE_IDENTIFIER = com.RedditAppTests;
				PRODUCT_NAME = "$(TARGET_NAME)";
				SWIFT_VERSION = 5.0;
				TARGETED_DEVICE_FAMILY = "1,2";
				TEST_HOST = "$(BUILT_PRODUCTS_DIR)/RedditApp.app/RedditApp";
			};
			name = Debug;
		};
		2B7EBB7A24DD9AA00048062A /* Release */ = {
			isa = XCBuildConfiguration;
			buildSettings = {
				ALWAYS_EMBED_SWIFT_STANDARD_LIBRARIES = YES;
				BUNDLE_LOADER = "$(TEST_HOST)";
				CODE_SIGN_STYLE = Automatic;
				INFOPLIST_FILE = RedditAppTests/Info.plist;
				IPHONEOS_DEPLOYMENT_TARGET = 13.5;
				LD_RUNPATH_SEARCH_PATHS = (
					"$(inherited)",
					"@executable_path/Frameworks",
					"@loader_path/Frameworks",
				);
				PRODUCT_BUNDLE_IDENTIFIER = com.RedditAppTests;
				PRODUCT_NAME = "$(TARGET_NAME)";
				SWIFT_VERSION = 5.0;
				TARGETED_DEVICE_FAMILY = "1,2";
				TEST_HOST = "$(BUILT_PRODUCTS_DIR)/RedditApp.app/RedditApp";
			};
			name = Release;
		};
/* End XCBuildConfiguration section */

/* Begin XCConfigurationList section */
		2B7EBB5124DD9A9B0048062A /* Build configuration list for PBXProject "RedditApp" */ = {
			isa = XCConfigurationList;
			buildConfigurations = (
				2B7EBB7324DD9AA00048062A /* Debug */,
				2B7EBB7424DD9AA00048062A /* Release */,
			);
			defaultConfigurationIsVisible = 0;
			defaultConfigurationName = Release;
		};
		2B7EBB7524DD9AA00048062A /* Build configuration list for PBXNativeTarget "RedditApp" */ = {
			isa = XCConfigurationList;
			buildConfigurations = (
				2B7EBB7624DD9AA00048062A /* Debug */,
				2B7EBB7724DD9AA00048062A /* Release */,
			);
			defaultConfigurationIsVisible = 0;
			defaultConfigurationName = Release;
		};
		2B7EBB7824DD9AA00048062A /* Build configuration list for PBXNativeTarget "RedditAppTests" */ = {
			isa = XCConfigurationList;
			buildConfigurations = (
				2B7EBB7924DD9AA00048062A /* Debug */,
				2B7EBB7A24DD9AA00048062A /* Release */,
			);
			defaultConfigurationIsVisible = 0;
			defaultConfigurationName = Release;
		};
/* End XCConfigurationList section */
	};
	rootObject = 2B7EBB4E24DD9A9B0048062A /* Project object */;
}
